<Solution>
  <Project Path="IrisManager.API/IrisManager.API.csproj" />
  <Project Path="IrisManager.Application/IrisManager.Application.csproj" Id="eca1879e-11ab-49f7-8a02-2b6c9101c769" />
  <Project Path="IrisManager.Domain/IrisManager.Domain.csproj" Id="51fba0ae-0fce-42c7-a26e-01189112e9ab" />
  <Project Path="IrisManager.Infrastructure/IrisManager.Infrastructure.csproj" Id="2ba9224b-7ef0-438c-ad41-f03d2dad0375" />
</Solution>
